// !$*UTF8*$!
{
	archiveVersion = 1;
	classes = {
	};
	objectVersion = 46;
	objects = {

/* Begin PBXBuildFile section */
		B912A1881BD514D500989109 /* RPNparser.cpp in Sources */ = {isa = PBXBuildFile; fileRef = B912A1871BD514D500989109 /* RPNparser.cpp */; settings = {ASSET_TAGS = (); }; };
		B9D289021BD5129000A94BEC /* main.cpp in Sources */ = {isa = PBXBuildFile; fileRef = B9D289011BD5129000A94BEC /* main.cpp */; };
/* End PBXBuildFile section */

/* Begin PBXCopyFilesBuildPhase section */
		B9D288FC1BD5129000A94BEC /* CopyFiles */ = {
			isa = PBXCopyFilesBuildPhase;
			buildActionMask = 2147483647;
			dstPath = /usr/share/man/man1/;
			dstSubfolderSpec = 0;
			files = (
			);
			runOnlyForDeploymentPostprocessing = 1;
		};
/* End PBXCopyFilesBuildPhase section */

/* Begin PBXFileReference section */
		B912A1871BD514D500989109 /* RPNparser.cpp */ = {isa = PBXFileReference; fileEncoding = 4; lastKnownFileType = sourcecode.cpp.cpp; path = RPNparser.cpp; sourceTree = "<group>"; };
		B9D288FE1BD5129000A94BEC /* FormalLanguagesPrac1Task12 */ = {isa = PBXFileReference; explicitFileType = "compiled.mach-o.executable"; includeInIndex = 0; path = FormalLanguagesPrac1Task12; sourceTree = BUILT_PRODUCTS_DIR; };
		B9D289011BD5129000A94BEC /* main.cpp */ = {isa = PBXFileReference; lastKnownFileType = sourcecode.cpp.cpp; path = main.cpp; sourceTree = "<group>"; };
		B9D289081BD512F800A94BEC /* RPNparser.h */ = {isa = PBXFileReference; lastKnownFileType = sourcecode.c.h; path = RPNparser.h; sourceTree = "<group>"; };
/* End PBXFileReference section */

/* Begin PBXFrameworksBuildPhase section */
		B9D288FB1BD5129000A94BEC /* Frameworks */ = {
			isa = PBXFrameworksBuildPhase;
			buildActionMask = 2147483647;
			files = (
			);
			runOnlyForDeploymentPostprocessing = 0;
		};
/* End PBXFrameworksBuildPhase section */

/* Begin PBXGroup section */
		B9D288F51BD5129000A94BEC = {
			isa = PBXGroup;
			children = (
				B9D289001BD5129000A94BEC /* FormalLanguagesPrac1Task12 */,
				B9D288FF1BD5129000A94BEC /* Products */,
			);
			sourceTree = "<group>";
		};
		B9D288FF1BD5129000A94BEC /* Products */ = {
			isa = PBXGroup;
			children = (
				B9D288FE1BD5129000A94BEC /* FormalLanguagesPrac1Task12 */,
			);
			name = Products;
			sourceTree = "<group>";
		};
		B9D289001BD5129000A94BEC /* FormalLanguagesPrac1Task12 */ = {
			isa = PBXGroup;
			children = (
				B9D289011BD5129000A94BEC /* main.cpp */,
				B9D289081BD512F800A94BEC /* RPNparser.h */,
				B912A1871BD514D500989109 /* RPNparser.cpp */,
			);
			path = FormalLanguagesPrac1Task12;
			sourceTree = "<group>";
		};
/* End PBXGroup section */

/* Begin PBXNativeTarget section */
		B9D288FD1BD5129000A94BEC /* FormalLanguagesPrac1Task12 */ = {
			isa = PBXNativeTarget;
			buildConfigurationList = B9D289051BD5129000A94BEC /* Build configuration list for PBXNativeTarget "FormalLanguagesPrac1Task12" */;
			buildPhases = (
				B9D288FA1BD5129000A94BEC /* Sources */,
				B9D288FB1BD5129000A94BEC /* Frameworks */,
				B9D288FC1BD5129000A94BEC /* CopyFiles */,
			);
			buildRules = (
			);
			dependencies = (
			);
			name = FormalLanguagesPrac1Task12;
			productName = FormalLanguagesPrac1Task12;
			productReference = B9D288FE1BD5129000A94BEC /* FormalLanguagesPrac1Task12 */;
			productType = "com.apple.product-type.tool";
		};
/* End PBXNativeTarget section */

/* Begin PBXProject section */
		B9D288F61BD5129000A94BEC /* Project object */ = {
			isa = PBXProject;
			attributes = {
				LastUpgradeCheck = 0700;
				ORGANIZATIONNAME = "Сергей Миллер";
				TargetAttributes = {
					B9D288FD1BD5129000A94BEC = {
						CreatedOnToolsVersion = 7.0.1;
					};
				};
			};
			buildConfigurationList = B9D288F91BD5129000A94BEC /* Build configuration list for PBXProject "FormalLanguagesPrac1Task12" */;
			compatibilityVersion = "Xcode 3.2";
			developmentRegion = English;
			hasScannedForEncodings = 0;
			knownRegions = (
				en,
			);
			mainGroup = B9D288F51BD5129000A94BEC;
			productRefGroup = B9D288FF1BD5129000A94BEC /* Products */;
			projectDirPath = "";
			projectRoot = "";
			targets = (
				B9D288FD1BD5129000A94BEC /* FormalLanguagesPrac1Task12 */,
			);
		};
/* End PBXProject section */

/* Begin PBXSourcesBuildPhase section */
		B9D288FA1BD5129000A94BEC /* Sources */ = {
			isa = PBXSourcesBuildPhase;
			buildActionMask = 2147483647;
			files = (
				B9D289021BD5129000A94BEC /* main.cpp in Sources */,
				B912A1881BD514D500989109 /* RPNparser.cpp in Sources */,
			);
			runOnlyForDeploymentPostprocessing = 0;
		};
/* End PBXSourcesBuildPhase section */

/* Begin XCBuildConfiguration section */
		B9D289031BD5129000A94BEC /* Debug */ = {
			isa = XCBuildConfiguration;
			buildSettings = {
				ALWAYS_SEARCH_USER_PATHS = NO;
				CLANG_CXX_LANGUAGE_STANDARD = "gnu++0x";
				CLANG_CXX_LIBRARY = "libc++";
				CLANG_ENABLE_MODULES = YES;
				CLANG_ENABLE_OBJC_ARC = YES;
				CLANG_WARN_BOOL_CONVERSION = YES;
				CLANG_WARN_CONSTANT_CONVERSION = YES;
				CLANG_WARN_DIRECT_OBJC_ISA_USAGE = YES_ERROR;
				CLANG_WARN_EMPTY_BODY = YES;
				CLANG_WARN_ENUM_CONVERSION = YES;
				CLANG_WARN_INT_CONVERSION = YES;
				CLANG_WARN_OBJC_ROOT_CLASS = YES_ERROR;
				CLANG_WARN_UNREACHABLE_CODE = YES;
				CLANG_WARN__DUPLICATE_METHOD_MATCH = YES;
				COPY_PHASE_STRIP = NO;
				DEBUG_INFORMATION_FORMAT = dwarf;
				ENABLE_STRICT_OBJC_MSGSEND = YES;
				ENABLE_TESTABILITY = YES;
				GCC_C_LANGUAGE_STANDARD = gnu99;
				GCC_DYNAMIC_NO_PIC = NO;
				GCC_NO_COMMON_BLOCKS = YES;
				GCC_OPTIMIZATION_LEVEL = 0;
				GCC_PREPROCESSOR_DEFINITIONS = (
					"DEBUG=1",
					"$(inherited)",
				);
				GCC_WARN_64_TO_32_BIT_CONVERSION = YES;
				GCC_WARN_ABOUT_RETURN_TYPE = YES_ERROR;
				GCC_WARN_UNDECLARED_SELECTOR = YES;
				GCC_WARN_UNINITIALIZED_AUTOS = YES_AGGRESSIVE;
				GCC_WARN_UNUSED_FUNCTION = YES;
				GCC_WARN_UNUSED_VARIABLE = YES;
				MACOSX_DEPLOYMENT_TARGET = 10.11;
				MTL_ENABLE_DEBUG_INFO = YES;
				ONLY_ACTIVE_ARCH = YES;
				SDKROOT = macosx;
			};
			name = Debug;
		};
		B9D289041BD5129000A94BEC /* Release */ = {
			isa = XCBuildConfiguration;
			buildSettings = {
				ALWAYS_SEARCH_USER_PATHS = NO;
				CLANG_CXX_LANGUAGE_STANDARD = "gnu++0x";
				CLANG_CXX_LIBRARY = "libc++";
				CLANG_ENABLE_MODULES = YES;
				CLANG_ENABLE_OBJC_ARC = YES;
				CLANG_WARN_BOOL_CONVERSION = YES;
				CLANG_WARN_CONSTANT_CONVERSION = YES;
				CLANG_WARN_DIRECT_OBJC_ISA_USAGE = YES_ERROR;
				CLANG_WARN_EMPTY_BODY = YES;
				CLANG_WARN_ENUM_CONVERSION = YES;
				CLANG_WARN_INT_CONVERSION = YES;
				CLANG_WARN_OBJC_ROOT_CLASS = YES_ERROR;
				CLANG_WARN_UNREACHABLE_CODE = YES;
				CLANG_WARN__DUPLICATE_METHOD_MATCH = YES;
				COPY_PHASE_STRIP = NO;
				DEBUG_INFORMATION_FORMAT = "dwarf-with-dsym";
				ENABLE_NS_ASSERTIONS = NO;
				ENABLE_STRICT_OBJC_MSGSEND = YES;
				GCC_C_LANGUAGE_STANDARD = gnu99;
				GCC_NO_COMMON_BLOCKS = YES;
				GCC_WARN_64_TO_32_BIT_CONVERSION = YES;
				GCC_WARN_ABOUT_RETURN_TYPE = YES_ERROR;
				GCC_WARN_UNDECLARED_SELECTOR = YES;
				GCC_WARN_UNINITIALIZED_AUTOS = YES_AGGRESSIVE;
				GCC_WARN_UNUSED_FUNCTION = YES;
				GCC_WARN_UNUSED_VARIABLE = YES;
				MACOSX_DEPLOYMENT_TARGET = 10.11;
				MTL_ENABLE_DEBUG_INFO = NO;
				SDKROOT = macosx;
			};
			name = Release;
		};
		B9D289061BD5129000A94BEC /* Debug */ = {
			isa = XCBuildConfiguration;
			buildSettings = {
				PRODUCT_NAME = "$(TARGET_NAME)";
			};
			name = Debug;
		};
		B9D289071BD5129000A94BEC /* Release */ = {
			isa = XCBuildConfiguration;
			buildSettings = {
				PRODUCT_NAME = "$(TARGET_NAME)";
			};
			name = Release;
		};
/* End XCBuildConfiguration section */

/* Begin XCConfigurationList section */
		B9D288F91BD5129000A94BEC /* Build configuration list for PBXProject "FormalLanguagesPrac1Task12" */ = {
			isa = XCConfigurationList;
			buildConfigurations = (
				B9D289031BD5129000A94BEC /* Debug */,
				B9D289041BD5129000A94BEC /* Release */,
			);
			defaultConfigurationIsVisible = 0;
			defaultConfigurationName = Release;
		};
		B9D289051BD5129000A94BEC /* Build configuration list for PBXNativeTarget "FormalLanguagesPrac1Task12" */ = {
			isa = XCConfigurationList;
			buildConfigurations = (
				B9D289061BD5129000A94BEC /* Debug */,
				B9D289071BD5129000A94BEC /* Release */,
			);
			defaultConfigurationIsVisible = 0;
			defaultConfigurationName = Release;
		};
/* End XCConfigurationList section */
	};
	rootObject = B9D288F61BD5129000A94BEC /* Project object */;
}
